// !$*UTF8*$!
{
	archiveVersion = 1;
	classes = {
	};
	objectVersion = 46;
	objects = {

/* Begin PBXBuildFile section */
		092540AC1E54D40E0064B697 /* AppDelegate.swift in Sources */ = {isa = PBXBuildFile; fileRef = 092540AB1E54D40E0064B697 /* AppDelegate.swift */; };
		092540AE1E54D40E0064B697 /* ViewController.swift in Sources */ = {isa = PBXBuildFile; fileRef = 092540AD1E54D40E0064B697 /* ViewController.swift */; };
		092540B11E54D40E0064B697 /* Main.storyboard in Resources */ = {isa = PBXBuildFile; fileRef = 092540AF1E54D40E0064B697 /* Main.storyboard */; };
		092540B31E54D40E0064B697 /* Assets.xcassets in Resources */ = {isa = PBXBuildFile; fileRef = 092540B21E54D40E0064B697 /* Assets.xcassets */; };
		092540B61E54D40E0064B697 /* LaunchScreen.storyboard in Resources */ = {isa = PBXBuildFile; fileRef = 092540B41E54D40E0064B697 /* LaunchScreen.storyboard */; };
/* End PBXBuildFile section */

/* Begin PBXFileReference section */
		092540A81E54D40E0064B697 /* AppMapaReto1.app */ = {isa = PBXFileReference; explicitFileType = wrapper.application; includeInIndex = 0; path = AppMapaReto1.app; sourceTree = BUILT_PRODUCTS_DIR; };
		092540AB1E54D40E0064B697 /* AppDelegate.swift */ = {isa = PBXFileReference; lastKnownFileType = sourcecode.swift; path = AppDelegate.swift; sourceTree = "<group>"; };
		092540AD1E54D40E0064B697 /* ViewController.swift */ = {isa = PBXFileReference; lastKnownFileType = sourcecode.swift; path = ViewController.swift; sourceTree = "<group>"; };
		092540B01E54D40E0064B697 /* Base */ = {isa = PBXFileReference; lastKnownFileType = file.storyboard; name = Base; path = Base.lproj/Main.storyboard; sourceTree = "<group>"; };
		092540B21E54D40E0064B697 /* Assets.xcassets */ = {isa = PBXFileReference; lastKnownFileType = folder.assetcatalog; path = Assets.xcassets; sourceTree = "<group>"; };
		092540B51E54D40E0064B697 /* Base */ = {isa = PBXFileReference; lastKnownFileType = file.storyboard; name = Base; path = Base.lproj/LaunchScreen.storyboard; sourceTree = "<group>"; };
		092540B71E54D40E0064B697 /* Info.plist */ = {isa = PBXFileReference; lastKnownFileType = text.plist.xml; path = Info.plist; sourceTree = "<group>"; };
/* End PBXFileReference section */

/* Begin PBXFrameworksBuildPhase section */
		092540A51E54D40E0064B697 /* Frameworks */ = {
			isa = PBXFrameworksBuildPhase;
			buildActionMask = 2147483647;
			files = (
			);
			runOnlyForDeploymentPostprocessing = 0;
		};
/* End PBXFrameworksBuildPhase section */

/* Begin PBXGroup section */
		0925409F1E54D40E0064B697 = {
			isa = PBXGroup;
			children = (
				092540AA1E54D40E0064B697 /* AppMapaReto1 */,
				092540A91E54D40E0064B697 /* Products */,
			);
			sourceTree = "<group>";
		};
		092540A91E54D40E0064B697 /* Products */ = {
			isa = PBXGroup;
			children = (
				092540A81E54D40E0064B697 /* AppMapaReto1.app */,
			);
			name = Products;
			sourceTree = "<group>";
		};
		092540AA1E54D40E0064B697 /* AppMapaReto1 */ = {
			isa = PBXGroup;
			children = (
				092540AB1E54D40E0064B697 /* AppDelegate.swift */,
				092540AD1E54D40E0064B697 /* ViewController.swift */,
				092540AF1E54D40E0064B697 /* Main.storyboard */,
				092540B21E54D40E0064B697 /* Assets.xcassets */,
				092540B41E54D40E0064B697 /* LaunchScreen.storyboard */,
				092540B71E54D40E0064B697 /* Info.plist */,
			);
			path = AppMapaReto1;
			sourceTree = "<group>";
		};
/* End PBXGroup section */

/* Begin PBXNativeTarget section */
		092540A71E54D40E0064B697 /* AppMapaReto1 */ = {
			isa = PBXNativeTarget;
			buildConfigurationList = 092540BA1E54D40E0064B697 /* Build configuration list for PBXNativeTarget "AppMapaReto1" */;
			buildPhases = (
				092540A41E54D40E0064B697 /* Sources */,
				092540A51E54D40E0064B697 /* Frameworks */,
				092540A61E54D40E0064B697 /* Resources */,
			);
			buildRules = (
			);
			dependencies = (
			);
			name = AppMapaReto1;
			productName = AppMapaReto1;
			productReference = 092540A81E54D40E0064B697 /* AppMapaReto1.app */;
			productType = "com.apple.product-type.application";
		};
/* End PBXNativeTarget section */

/* Begin PBXProject section */
		092540A01E54D40E0064B697 /* Project object */ = {
			isa = PBXProject;
			attributes = {
				LastSwiftUpdateCheck = 0800;
				LastUpgradeCheck = 0800;
				ORGANIZATIONNAME = cice;
				TargetAttributes = {
					092540A71E54D40E0064B697 = {
						CreatedOnToolsVersion = 8.0;
						ProvisioningStyle = Automatic;
					};
				};
			};
			buildConfigurationList = 092540A31E54D40E0064B697 /* Build configuration list for PBXProject "AppMapaReto1" */;
			compatibilityVersion = "Xcode 3.2";
			developmentRegion = English;
			hasScannedForEncodings = 0;
			knownRegions = (
				en,
				Base,
			);
			mainGroup = 0925409F1E54D40E0064B697;
			productRefGroup = 092540A91E54D40E0064B697 /* Products */;
			projectDirPath = "";
			projectRoot = "";
			targets = (
				092540A71E54D40E0064B697 /* AppMapaReto1 */,
			);
		};
/* End PBXProject section */

/* Begin PBXResourcesBuildPhase section */
		092540A61E54D40E0064B697 /* Resources */ = {
			isa = PBXResourcesBuildPhase;
			buildActionMask = 2147483647;
			files = (
				092540B61E54D40E0064B697 /* LaunchScreen.storyboard in Resources */,
				092540B31E54D40E0064B697 /* Assets.xcassets in Resources */,
				092540B11E54D40E0064B697 /* Main.storyboard in Resources */,
			);
			runOnlyForDeploymentPostprocessing = 0;
		};
/* End PBXResourcesBuildPhase section */

/* Begin PBXSourcesBuildPhase section */
		092540A41E54D40E0064B697 /* Sources */ = {
			isa = PBXSourcesBuildPhase;
			buildActionMask = 2147483647;
			files = (
				092540AE1E54D40E0064B697 /* ViewController.swift in Sources */,
				092540AC1E54D40E0064B697 /* AppDelegate.swift in Sources */,
			);
			runOnlyForDeploymentPostprocessing = 0;
		};
/* End PBXSourcesBuildPhase section */

/* Begin PBXVariantGroup section */
		092540AF1E54D40E0064B697 /* Main.storyboard */ = {
			isa = PBXVariantGroup;
			children = (
				092540B01E54D40E0064B697 /* Base */,
			);
			name = Main.storyboard;
			sourceTree = "<group>";
		};
		092540B41E54D40E0064B697 /* LaunchScreen.storyboard */ = {
			isa = PBXVariantGroup;
			children = (
				092540B51E54D40E0064B697 /* Base */,
			);
			name = LaunchScreen.storyboard;
			sourceTree = "<group>";
		};
/* End PBXVariantGroup section */

/* Begin XCBuildConfiguration section */
		092540B81E54D40E0064B697 /* Debug */ = {
			isa = XCBuildConfiguration;
			buildSettings = {
				ALWAYS_SEARCH_USER_PATHS = NO;
				CLANG_ANALYZER_NONNULL = YES;
				CLANG_CXX_LANGUAGE_STANDARD = "gnu++0x";
				CLANG_CXX_LIBRARY = "libc++";
				CLANG_ENABLE_MODULES = YES;
				CLANG_ENABLE_OBJC_ARC = YES;
				CLANG_WARN_BOOL_CONVERSION = YES;
				CLANG_WARN_CONSTANT_CONVERSION = YES;
				CLANG_WARN_DIRECT_OBJC_ISA_USAGE = YES_ERROR;
				CLANG_WARN_DOCUMENTATION_COMMENTS = YES;
				CLANG_WARN_EMPTY_BODY = YES;
				CLANG_WARN_ENUM_CONVERSION = YES;
				CLANG_WARN_INFINITE_RECURSION = YES;
				CLANG_WARN_INT_CONVERSION = YES;
				CLANG_WARN_OBJC_ROOT_CLASS = YES_ERROR;
				CLANG_WARN_SUSPICIOUS_MOVES = YES;
				CLANG_WARN_UNREACHABLE_CODE = YES;
				CLANG_WARN__DUPLICATE_METHOD_MATCH = YES;
				"CODE_SIGN_IDENTITY[sdk=iphoneos*]" = "iPhone Developer";
				COPY_PHASE_STRIP = NO;
				DEBUG_INFORMATION_FORMAT = dwarf;
				ENABLE_STRICT_OBJC_MSGSEND = YES;
				ENABLE_TESTABILITY = YES;
				GCC_C_LANGUAGE_STANDARD = gnu99;
				GCC_DYNAMIC_NO_PIC = NO;
				GCC_NO_COMMON_BLOCKS = YES;
				GCC_OPTIMIZATION_LEVEL = 0;
				GCC_PREPROCESSOR_DEFINITIONS = (
					"DEBUG=1",
					"$(inherited)",
				);
				GCC_WARN_64_TO_32_BIT_CONVERSION = YES;
				GCC_WARN_ABOUT_RETURN_TYPE = YES_ERROR;
				GCC_WARN_UNDECLARED_SELECTOR = YES;
				GCC_WARN_UNINITIALIZED_AUTOS = YES_AGGRESSIVE;
				GCC_WARN_UNUSED_FUNCTION = YES;
				GCC_WARN_UNUSED_VARIABLE = YES;
				IPHONEOS_DEPLOYMENT_TARGET = 10.0;
				MTL_ENABLE_DEBUG_INFO = YES;
				ONLY_ACTIVE_ARCH = YES;
				SDKROOT = iphoneos;
				SWIFT_ACTIVE_COMPILATION_CONDITIONS = DEBUG;
				SWIFT_OPTIMIZATION_LEVEL = "-Onone";
			};
			name = Debug;
		};
		092540B91E54D40E0064B697 /* Release */ = {
			isa = XCBuildConfiguration;
			buildSettings = {
				ALWAYS_SEARCH_USER_PATHS = NO;
				CLANG_ANALYZER_NONNULL = YES;
				CLANG_CXX_LANGUAGE_STANDARD = "gnu++0x";
				CLANG_CXX_LIBRARY = "libc++";
				CLANG_ENABLE_MODULES = YES;
				CLANG_ENABLE_OBJC_ARC = YES;
				CLANG_WARN_BOOL_CONVERSION = YES;
				CLANG_WARN_CONSTANT_CONVERSION = YES;
				CLANG_WARN_DIRECT_OBJC_ISA_USAGE = YES_ERROR;
				CLANG_WARN_DOCUMENTATION_COMMENTS = YES;
				CLANG_WARN_EMPTY_BODY = YES;
				CLANG_WARN_ENUM_CONVERSION = YES;
				CLANG_WARN_INFINITE_RECURSION = YES;
				CLANG_WARN_INT_CONVERSION = YES;
				CLANG_WARN_OBJC_ROOT_CLASS = YES_ERROR;
				CLANG_WARN_SUSPICIOUS_MOVES = YES;
				CLANG_WARN_UNREACHABLE_CODE = YES;
				CLANG_WARN__DUPLICATE_METHOD_MATCH = YES;
				"CODE_SIGN_IDENTITY[sdk=iphoneos*]" = "iPhone Developer";
				COPY_PHASE_STRIP = NO;
				DEBUG_INFORMATION_FORMAT = "dwarf-with-dsym";
				ENABLE_NS_ASSERTIONS = NO;
				ENABLE_STRICT_OBJC_MSGSEND = YES;
				GCC_C_LANGUAGE_STANDARD = gnu99;
				GCC_NO_COMMON_BLOCKS = YES;
				GCC_WARN_64_TO_32_BIT_CONVERSION = YES;
				GCC_WARN_ABOUT_RETURN_TYPE = YES_ERROR;
				GCC_WARN_UNDECLARED_SELECTOR = YES;
				GCC_WARN_UNINITIALIZED_AUTOS = YES_AGGRESSIVE;
				GCC_WARN_UNUSED_FUNCTION = YES;
				GCC_WARN_UNUSED_VARIABLE = YES;
				IPHONEOS_DEPLOYMENT_TARGET = 10.0;
				MTL_ENABLE_DEBUG_INFO = NO;
				SDKROOT = iphoneos;
				SWIFT_OPTIMIZATION_LEVEL = "-Owholemodule";
				VALIDATE_PRODUCT = YES;
			};
			name = Release;
		};
		092540BB1E54D40E0064B697 /* Debug */ = {
			isa = XCBuildConfiguration;
			buildSettings = {
				ASSETCATALOG_COMPILER_APPICON_NAME = AppIcon;
				INFOPLIST_FILE = AppMapaReto1/Info.plist;
				LD_RUNPATH_SEARCH_PATHS = "$(inherited) @executable_path/Frameworks";
				PRODUCT_BUNDLE_IDENTIFIER = mapa.AppMapaReto1;
				PRODUCT_NAME = "$(TARGET_NAME)";
				SWIFT_VERSION = 3.0;
			};
			name = Debug;
		};
		092540BC1E54D40E0064B697 /* Release */ = {
			isa = XCBuildConfiguration;
			buildSettings = {
				ASSETCATALOG_COMPILER_APPICON_NAME = AppIcon;
				INFOPLIST_FILE = AppMapaReto1/Info.plist;
				LD_RUNPATH_SEARCH_PATHS = "$(inherited) @executable_path/Frameworks";
				PRODUCT_BUNDLE_IDENTIFIER = mapa.AppMapaReto1;
				PRODUCT_NAME = "$(TARGET_NAME)";
				SWIFT_VERSION = 3.0;
			};
			name = Release;
		};
/* End XCBuildConfiguration section */

/* Begin XCConfigurationList section */
		092540A31E54D40E0064B697 /* Build configuration list for PBXProject "AppMapaReto1" */ = {
			isa = XCConfigurationList;
			buildConfigurations = (
				092540B81E54D40E0064B697 /* Debug */,
				092540B91E54D40E0064B697 /* Release */,
			);
			defaultConfigurationIsVisible = 0;
			defaultConfigurationName = Release;
		};
		092540BA1E54D40E0064B697 /* Build configuration list for PBXNativeTarget "AppMapaReto1" */ = {
			isa = XCConfigurationList;
			buildConfigurations = (
				092540BB1E54D40E0064B697 /* Debug */,
				092540BC1E54D40E0064B697 /* Release */,
			);
			defaultConfigurationIsVisible = 0;
		};
/* End XCConfigurationList section */
	};
	rootObject = 092540A01E54D40E0064B697 /* Project object */;
}
